// !$*UTF8*$!
{
	archiveVersion = 1;
	classes = {
	};
	objectVersion = 46;
	objects = {

/* Begin PBXBuildFile section */
		81086110ABF9ACFA73B9218C /* SharedView.m in Sources */ = {isa = PBXBuildFile; fileRef = 810867088BDA4B41DE7B3D38 /* SharedView.m */; };
		810861D201AE10B0D9CECC65 /* PureLayoutComplicatedView.m in Sources */ = {isa = PBXBuildFile; fileRef = 8108692BFD325FA65CF50BFD /* PureLayoutComplicatedView.m */; };
		810863A1E8DAD3B4F92A3F2E /* RootViewController.m in Sources */ = {isa = PBXBuildFile; fileRef = 8108637185B2C5E57A19C28C /* RootViewController.m */; };
		810864092D62B5A19E5E2279 /* SharedViewController.m in Sources */ = {isa = PBXBuildFile; fileRef = 810869981E0A990408EB8B07 /* SharedViewController.m */; };
		810866CC559E0DCC894ADDBF /* MasonryComplicatedView.m in Sources */ = {isa = PBXBuildFile; fileRef = 8108620EC042AD5303D6080B /* MasonryComplicatedView.m */; };
		81086986DC06033DE11F60BC /* TableViewController.m in Sources */ = {isa = PBXBuildFile; fileRef = 8108633251D09B299FE1D584 /* TableViewController.m */; };
		81086D4129879C5B72C5EFCD /* PureLayoutView.m in Sources */ = {isa = PBXBuildFile; fileRef = 810867DF221E24EF25376634 /* PureLayoutView.m */; };
		81086E44C060C5B968C2A8F7 /* ComplicatedView.m in Sources */ = {isa = PBXBuildFile; fileRef = 8108616BF8AF726584B75A7E /* ComplicatedView.m */; };
		81086F11BD91C748465851B1 /* MasonryLayoutView.m in Sources */ = {isa = PBXBuildFile; fileRef = 81086666BB370ACA35D3C98A /* MasonryLayoutView.m */; };
		81086F5B592870C44FB139B6 /* ViewConfiguration.m in Sources */ = {isa = PBXBuildFile; fileRef = 81086CC28DFCCD5557D05589 /* ViewConfiguration.m */; };
		A1A97CCC1A764FA5002E121F /* main.m in Sources */ = {isa = PBXBuildFile; fileRef = A1A97CCB1A764FA5002E121F /* main.m */; };
		A1A97CCF1A764FA5002E121F /* AppDelegate.m in Sources */ = {isa = PBXBuildFile; fileRef = A1A97CCE1A764FA5002E121F /* AppDelegate.m */; };
		A1A97CD71A764FA5002E121F /* Images.xcassets in Resources */ = {isa = PBXBuildFile; fileRef = A1A97CD61A764FA5002E121F /* Images.xcassets */; };
		A1A97CDA1A764FA5002E121F /* LaunchScreen.xib in Resources */ = {isa = PBXBuildFile; fileRef = A1A97CD81A764FA5002E121F /* LaunchScreen.xib */; };
		A1A97CE61A764FA5002E121F /* AutoLayoutTests.m in Sources */ = {isa = PBXBuildFile; fileRef = A1A97CE51A764FA5002E121F /* AutoLayoutTests.m */; };
		C9C22903E154B0C25B2C136B /* libPods.a in Frameworks */ = {isa = PBXBuildFile; fileRef = 26E6023EADE1C57F316CCEA9 /* libPods.a */; };
/* End PBXBuildFile section */

/* Begin PBXContainerItemProxy section */
		A1A97CE01A764FA5002E121F /* PBXContainerItemProxy */ = {
			isa = PBXContainerItemProxy;
			containerPortal = A1A97CBE1A764FA5002E121F /* Project object */;
			proxyType = 1;
			remoteGlobalIDString = A1A97CC51A764FA5002E121F;
			remoteInfo = AutoLayout;
		};
/* End PBXContainerItemProxy section */

/* Begin PBXFileReference section */
		03CD27525C72FBB2F2F7324A /* Pods.release.xcconfig */ = {isa = PBXFileReference; includeInIndex = 1; lastKnownFileType = text.xcconfig; name = Pods.release.xcconfig; path = "Pods/Target Support Files/Pods/Pods.release.xcconfig"; sourceTree = "<group>"; };
		26E6023EADE1C57F316CCEA9 /* libPods.a */ = {isa = PBXFileReference; explicitFileType = archive.ar; includeInIndex = 0; path = libPods.a; sourceTree = BUILT_PRODUCTS_DIR; };
		81086169AB7F6D5004AB5131 /* ViewConfiguration.h */ = {isa = PBXFileReference; fileEncoding = 4; lastKnownFileType = sourcecode.c.h; path = ViewConfiguration.h; sourceTree = "<group>"; };
		8108616BF8AF726584B75A7E /* ComplicatedView.m */ = {isa = PBXFileReference; fileEncoding = 4; lastKnownFileType = sourcecode.c.objc; path = ComplicatedView.m; sourceTree = "<group>"; };
		8108620EC042AD5303D6080B /* MasonryComplicatedView.m */ = {isa = PBXFileReference; fileEncoding = 4; lastKnownFileType = sourcecode.c.objc; path = MasonryComplicatedView.m; sourceTree = "<group>"; };
		81086218E4B6DFA52B44CEC7 /* RootViewController.h */ = {isa = PBXFileReference; fileEncoding = 4; lastKnownFileType = sourcecode.c.h; path = RootViewController.h; sourceTree = "<group>"; };
		810863235F022AAD21F7D1F7 /* TableViewController.h */ = {isa = PBXFileReference; fileEncoding = 4; lastKnownFileType = sourcecode.c.h; path = TableViewController.h; sourceTree = "<group>"; };
		8108633251D09B299FE1D584 /* TableViewController.m */ = {isa = PBXFileReference; fileEncoding = 4; lastKnownFileType = sourcecode.c.objc; path = TableViewController.m; sourceTree = "<group>"; };
		8108637185B2C5E57A19C28C /* RootViewController.m */ = {isa = PBXFileReference; fileEncoding = 4; lastKnownFileType = sourcecode.c.objc; path = RootViewController.m; sourceTree = "<group>"; };
		810863CD9710D4AA54DD1DC0 /* ComplicatedView.h */ = {isa = PBXFileReference; fileEncoding = 4; lastKnownFileType = sourcecode.c.h; path = ComplicatedView.h; sourceTree = "<group>"; };
		8108662EB507FD8AFFF47B31 /* SharedView.h */ = {isa = PBXFileReference; fileEncoding = 4; lastKnownFileType = sourcecode.c.h; path = SharedView.h; sourceTree = "<group>"; };
		81086666BB370ACA35D3C98A /* MasonryLayoutView.m */ = {isa = PBXFileReference; fileEncoding = 4; lastKnownFileType = sourcecode.c.objc; path = MasonryLayoutView.m; sourceTree = "<group>"; };
		810866ACD9266DC29C825A41 /* PureLayoutComplicatedView.h */ = {isa = PBXFileReference; fileEncoding = 4; lastKnownFileType = sourcecode.c.h; path = PureLayoutComplicatedView.h; sourceTree = "<group>"; };
		810867088BDA4B41DE7B3D38 /* SharedView.m */ = {isa = PBXFileReference; fileEncoding = 4; lastKnownFileType = sourcecode.c.objc; path = SharedView.m; sourceTree = "<group>"; };
		810867DF221E24EF25376634 /* PureLayoutView.m */ = {isa = PBXFileReference; fileEncoding = 4; lastKnownFileType = sourcecode.c.objc; path = PureLayoutView.m; sourceTree = "<group>"; };
		8108692BFD325FA65CF50BFD /* PureLayoutComplicatedView.m */ = {isa = PBXFileReference; fileEncoding = 4; lastKnownFileType = sourcecode.c.objc; path = PureLayoutComplicatedView.m; sourceTree = "<group>"; };
		810869981E0A990408EB8B07 /* SharedViewController.m */ = {isa = PBXFileReference; fileEncoding = 4; lastKnownFileType = sourcecode.c.objc; path = SharedViewController.m; sourceTree = "<group>"; };
		81086A6355F478794B5B3C27 /* MasonryLayoutView.h */ = {isa = PBXFileReference; fileEncoding = 4; lastKnownFileType = sourcecode.c.h; path = MasonryLayoutView.h; sourceTree = "<group>"; };
		81086AA1F8EA350C9307607C /* PureLayoutView.h */ = {isa = PBXFileReference; fileEncoding = 4; lastKnownFileType = sourcecode.c.h; path = PureLayoutView.h; sourceTree = "<group>"; };
		81086AAF0A9FF024220AA7B7 /* SharedViewController.h */ = {isa = PBXFileReference; fileEncoding = 4; lastKnownFileType = sourcecode.c.h; path = SharedViewController.h; sourceTree = "<group>"; };
		81086B83D315B168FAB1E211 /* MasonryComplicatedView.h */ = {isa = PBXFileReference; fileEncoding = 4; lastKnownFileType = sourcecode.c.h; path = MasonryComplicatedView.h; sourceTree = "<group>"; };
		81086CC28DFCCD5557D05589 /* ViewConfiguration.m */ = {isa = PBXFileReference; fileEncoding = 4; lastKnownFileType = sourcecode.c.objc; path = ViewConfiguration.m; sourceTree = "<group>"; };
		A1A97CC61A764FA5002E121F /* AutoLayout.app */ = {isa = PBXFileReference; explicitFileType = wrapper.application; includeInIndex = 0; path = AutoLayout.app; sourceTree = BUILT_PRODUCTS_DIR; };
		A1A97CCA1A764FA5002E121F /* Info.plist */ = {isa = PBXFileReference; lastKnownFileType = text.plist.xml; path = Info.plist; sourceTree = "<group>"; };
		A1A97CCB1A764FA5002E121F /* main.m */ = {isa = PBXFileReference; lastKnownFileType = sourcecode.c.objc; path = main.m; sourceTree = "<group>"; };
		A1A97CCD1A764FA5002E121F /* AppDelegate.h */ = {isa = PBXFileReference; lastKnownFileType = sourcecode.c.h; path = AppDelegate.h; sourceTree = "<group>"; };
		A1A97CCE1A764FA5002E121F /* AppDelegate.m */ = {isa = PBXFileReference; lastKnownFileType = sourcecode.c.objc; path = AppDelegate.m; sourceTree = "<group>"; };
		A1A97CD61A764FA5002E121F /* Images.xcassets */ = {isa = PBXFileReference; lastKnownFileType = folder.assetcatalog; path = Images.xcassets; sourceTree = "<group>"; };
		A1A97CD91A764FA5002E121F /* Base */ = {isa = PBXFileReference; lastKnownFileType = file.xib; name = Base; path = Base.lproj/LaunchScreen.xib; sourceTree = "<group>"; };
		A1A97CDF1A764FA5002E121F /* AutoLayoutTests.xctest */ = {isa = PBXFileReference; explicitFileType = wrapper.cfbundle; includeInIndex = 0; path = AutoLayoutTests.xctest; sourceTree = BUILT_PRODUCTS_DIR; };
		A1A97CE41A764FA5002E121F /* Info.plist */ = {isa = PBXFileReference; lastKnownFileType = text.plist.xml; path = Info.plist; sourceTree = "<group>"; };
		A1A97CE51A764FA5002E121F /* AutoLayoutTests.m */ = {isa = PBXFileReference; lastKnownFileType = sourcecode.c.objc; path = AutoLayoutTests.m; sourceTree = "<group>"; };
		B653D7C02FCC859A2551170A /* Pods.debug.xcconfig */ = {isa = PBXFileReference; includeInIndex = 1; lastKnownFileType = text.xcconfig; name = Pods.debug.xcconfig; path = "Pods/Target Support Files/Pods/Pods.debug.xcconfig"; sourceTree = "<group>"; };
/* End PBXFileReference section */

/* Begin PBXFrameworksBuildPhase section */
		A1A97CC31A764FA5002E121F /* Frameworks */ = {
			isa = PBXFrameworksBuildPhase;
			buildActionMask = 2147483647;
			files = (
				C9C22903E154B0C25B2C136B /* libPods.a in Frameworks */,
			);
			runOnlyForDeploymentPostprocessing = 0;
		};
		A1A97CDC1A764FA5002E121F /* Frameworks */ = {
			isa = PBXFrameworksBuildPhase;
			buildActionMask = 2147483647;
			files = (
			);
			runOnlyForDeploymentPostprocessing = 0;
		};
/* End PBXFrameworksBuildPhase section */

/* Begin PBXGroup section */
		81086055EAEE5219F8D658DD /* Shared */ = {
			isa = PBXGroup;
			children = (
				8108662EB507FD8AFFF47B31 /* SharedView.h */,
				810867088BDA4B41DE7B3D38 /* SharedView.m */,
				81086AAF0A9FF024220AA7B7 /* SharedViewController.h */,
				810869981E0A990408EB8B07 /* SharedViewController.m */,
			);
			path = Shared;
			sourceTree = "<group>";
		};
		810860B1587BE01A9D7A0CB4 /* Classes */ = {
			isa = PBXGroup;
			children = (
				81086A46E8D91F3E393F169E /* Base */,
				81086055EAEE5219F8D658DD /* Shared */,
				81086FA72ED9AC1991EB912B /* Config */,
				81086DF46DAD271F6E481303 /* Root */,
				810863554C752C0B64D746ED /* MasonryVersion */,
				810868D0B2198E2B269A38F3 /* PureLayoutVersion */,
			);
			path = Classes;
			sourceTree = "<group>";
		};
		810863554C752C0B64D746ED /* MasonryVersion */ = {
			isa = PBXGroup;
			children = (
				81086666BB370ACA35D3C98A /* MasonryLayoutView.m */,
				81086A6355F478794B5B3C27 /* MasonryLayoutView.h */,
				8108620EC042AD5303D6080B /* MasonryComplicatedView.m */,
				81086B83D315B168FAB1E211 /* MasonryComplicatedView.h */,
			);
			path = MasonryVersion;
			sourceTree = "<group>";
		};
		810868D0B2198E2B269A38F3 /* PureLayoutVersion */ = {
			isa = PBXGroup;
			children = (
				810867DF221E24EF25376634 /* PureLayoutView.m */,
				81086AA1F8EA350C9307607C /* PureLayoutView.h */,
				8108692BFD325FA65CF50BFD /* PureLayoutComplicatedView.m */,
				810866ACD9266DC29C825A41 /* PureLayoutComplicatedView.h */,
			);
			path = PureLayoutVersion;
			sourceTree = "<group>";
		};
		81086A46E8D91F3E393F169E /* Base */ = {
			isa = PBXGroup;
			children = (
				8108616BF8AF726584B75A7E /* ComplicatedView.m */,
				810863CD9710D4AA54DD1DC0 /* ComplicatedView.h */,
				8108633251D09B299FE1D584 /* TableViewController.m */,
				810863235F022AAD21F7D1F7 /* TableViewController.h */,
			);
			path = Base;
			sourceTree = "<group>";
		};
		81086DF46DAD271F6E481303 /* Root */ = {
			isa = PBXGroup;
			children = (
				8108637185B2C5E57A19C28C /* RootViewController.m */,
				81086218E4B6DFA52B44CEC7 /* RootViewController.h */,
			);
			path = Root;
			sourceTree = "<group>";
		};
		81086FA72ED9AC1991EB912B /* Config */ = {
			isa = PBXGroup;
			children = (
				81086CC28DFCCD5557D05589 /* ViewConfiguration.m */,
				81086169AB7F6D5004AB5131 /* ViewConfiguration.h */,
			);
			path = Config;
			sourceTree = "<group>";
		};
		A1A97CBD1A764FA5002E121F = {
			isa = PBXGroup;
			children = (
				A1A97CC81A764FA5002E121F /* AutoLayout */,
				A1A97CE21A764FA5002E121F /* AutoLayoutTests */,
				A1A97CC71A764FA5002E121F /* Products */,
				F71721A4D8E164B3F32225A5 /* Pods */,
				C3E940602E9EA1DBA2885946 /* Frameworks */,
			);
			sourceTree = "<group>";
		};
		A1A97CC71A764FA5002E121F /* Products */ = {
			isa = PBXGroup;
			children = (
				A1A97CC61A764FA5002E121F /* AutoLayout.app */,
				A1A97CDF1A764FA5002E121F /* AutoLayoutTests.xctest */,
			);
			name = Products;
			sourceTree = "<group>";
		};
		A1A97CC81A764FA5002E121F /* AutoLayout */ = {
			isa = PBXGroup;
			children = (
				A1A97CCD1A764FA5002E121F /* AppDelegate.h */,
				A1A97CCE1A764FA5002E121F /* AppDelegate.m */,
				A1A97CD61A764FA5002E121F /* Images.xcassets */,
				A1A97CD81A764FA5002E121F /* LaunchScreen.xib */,
				A1A97CC91A764FA5002E121F /* Supporting Files */,
				810860B1587BE01A9D7A0CB4 /* Classes */,
			);
			path = AutoLayout;
			sourceTree = "<group>";
		};
		A1A97CC91A764FA5002E121F /* Supporting Files */ = {
			isa = PBXGroup;
			children = (
				A1A97CCA1A764FA5002E121F /* Info.plist */,
				A1A97CCB1A764FA5002E121F /* main.m */,
			);
			name = "Supporting Files";
			sourceTree = "<group>";
		};
		A1A97CE21A764FA5002E121F /* AutoLayoutTests */ = {
			isa = PBXGroup;
			children = (
				A1A97CE51A764FA5002E121F /* AutoLayoutTests.m */,
				A1A97CE31A764FA5002E121F /* Supporting Files */,
			);
			path = AutoLayoutTests;
			sourceTree = "<group>";
		};
		A1A97CE31A764FA5002E121F /* Supporting Files */ = {
			isa = PBXGroup;
			children = (
				A1A97CE41A764FA5002E121F /* Info.plist */,
			);
			name = "Supporting Files";
			sourceTree = "<group>";
		};
		C3E940602E9EA1DBA2885946 /* Frameworks */ = {
			isa = PBXGroup;
			children = (
				26E6023EADE1C57F316CCEA9 /* libPods.a */,
			);
			name = Frameworks;
			sourceTree = "<group>";
		};
		F71721A4D8E164B3F32225A5 /* Pods */ = {
			isa = PBXGroup;
			children = (
				B653D7C02FCC859A2551170A /* Pods.debug.xcconfig */,
				03CD27525C72FBB2F2F7324A /* Pods.release.xcconfig */,
			);
			name = Pods;
			sourceTree = "<group>";
		};
/* End PBXGroup section */

/* Begin PBXNativeTarget section */
		A1A97CC51A764FA5002E121F /* AutoLayout */ = {
			isa = PBXNativeTarget;
			buildConfigurationList = A1A97CE91A764FA5002E121F /* Build configuration list for PBXNativeTarget "AutoLayout" */;
			buildPhases = (
				734AE718DE4439CC0A27D1CA /* Check Pods Manifest.lock */,
				A1A97CC21A764FA5002E121F /* Sources */,
				A1A97CC31A764FA5002E121F /* Frameworks */,
				A1A97CC41A764FA5002E121F /* Resources */,
				D33CCE1EF911900E674F7E9E /* Copy Pods Resources */,
			);
			buildRules = (
			);
			dependencies = (
			);
			name = AutoLayout;
			productName = AutoLayout;
			productReference = A1A97CC61A764FA5002E121F /* AutoLayout.app */;
			productType = "com.apple.product-type.application";
		};
		A1A97CDE1A764FA5002E121F /* AutoLayoutTests */ = {
			isa = PBXNativeTarget;
			buildConfigurationList = A1A97CEC1A764FA5002E121F /* Build configuration list for PBXNativeTarget "AutoLayoutTests" */;
			buildPhases = (
				A1A97CDB1A764FA5002E121F /* Sources */,
				A1A97CDC1A764FA5002E121F /* Frameworks */,
				A1A97CDD1A764FA5002E121F /* Resources */,
			);
			buildRules = (
			);
			dependencies = (
				A1A97CE11A764FA5002E121F /* PBXTargetDependency */,
			);
			name = AutoLayoutTests;
			productName = AutoLayoutTests;
			productReference = A1A97CDF1A764FA5002E121F /* AutoLayoutTests.xctest */;
			productType = "com.apple.product-type.bundle.unit-test";
		};
/* End PBXNativeTarget section */

/* Begin PBXProject section */
		A1A97CBE1A764FA5002E121F /* Project object */ = {
			isa = PBXProject;
			attributes = {
				LastUpgradeCheck = 0610;
				ORGANIZATIONNAME = Polidea;
				TargetAttributes = {
					A1A97CC51A764FA5002E121F = {
						CreatedOnToolsVersion = 6.1.1;
					};
					A1A97CDE1A764FA5002E121F = {
						CreatedOnToolsVersion = 6.1.1;
						TestTargetID = A1A97CC51A764FA5002E121F;
					};
				};
			};
			buildConfigurationList = A1A97CC11A764FA5002E121F /* Build configuration list for PBXProject "AutoLayout" */;
			compatibilityVersion = "Xcode 3.2";
			developmentRegion = English;
			hasScannedForEncodings = 0;
			knownRegions = (
				en,
				Base,
			);
			mainGroup = A1A97CBD1A764FA5002E121F;
			productRefGroup = A1A97CC71A764FA5002E121F /* Products */;
			projectDirPath = "";
			projectRoot = "";
			targets = (
				A1A97CC51A764FA5002E121F /* AutoLayout */,
				A1A97CDE1A764FA5002E121F /* AutoLayoutTests */,
			);
		};
/* End PBXProject section */

/* Begin PBXResourcesBuildPhase section */
		A1A97CC41A764FA5002E121F /* Resources */ = {
			isa = PBXResourcesBuildPhase;
			buildActionMask = 2147483647;
			files = (
				A1A97CDA1A764FA5002E121F /* LaunchScreen.xib in Resources */,
				A1A97CD71A764FA5002E121F /* Images.xcassets in Resources */,
			);
			runOnlyForDeploymentPostprocessing = 0;
		};
		A1A97CDD1A764FA5002E121F /* Resources */ = {
			isa = PBXResourcesBuildPhase;
			buildActionMask = 2147483647;
			files = (
			);
			runOnlyForDeploymentPostprocessing = 0;
		};
/* End PBXResourcesBuildPhase section */

/* Begin PBXShellScriptBuildPhase section */
		734AE718DE4439CC0A27D1CA /* Check Pods Manifest.lock */ = {
			isa = PBXShellScriptBuildPhase;
			buildActionMask = 2147483647;
			files = (
			);
			inputPaths = (
			);
			name = "Check Pods Manifest.lock";
			outputPaths = (
			);
			runOnlyForDeploymentPostprocessing = 0;
			shellPath = /bin/sh;
			shellScript = "diff \"${PODS_ROOT}/../Podfile.lock\" \"${PODS_ROOT}/Manifest.lock\" > /dev/null\nif [[ $? != 0 ]] ; then\n    cat << EOM\nerror: The sandbox is not in sync with the Podfile.lock. Run 'pod install' or update your CocoaPods installation.\nEOM\n    exit 1\nfi\n";
			showEnvVarsInLog = 0;
		};
		D33CCE1EF911900E674F7E9E /* Copy Pods Resources */ = {
			isa = PBXShellScriptBuildPhase;
			buildActionMask = 2147483647;
			files = (
			);
			inputPaths = (
			);
			name = "Copy Pods Resources";
			outputPaths = (
			);
			runOnlyForDeploymentPostprocessing = 0;
			shellPath = /bin/sh;
			shellScript = "\"${SRCROOT}/Pods/Target Support Files/Pods/Pods-resources.sh\"\n";
			showEnvVarsInLog = 0;
		};
/* End PBXShellScriptBuildPhase section */

/* Begin PBXSourcesBuildPhase section */
		A1A97CC21A764FA5002E121F /* Sources */ = {
			isa = PBXSourcesBuildPhase;
			buildActionMask = 2147483647;
			files = (
				A1A97CCF1A764FA5002E121F /* AppDelegate.m in Sources */,
				A1A97CCC1A764FA5002E121F /* main.m in Sources */,
				81086E44C060C5B968C2A8F7 /* ComplicatedView.m in Sources */,
				81086986DC06033DE11F60BC /* TableViewController.m in Sources */,
				81086110ABF9ACFA73B9218C /* SharedView.m in Sources */,
				810864092D62B5A19E5E2279 /* SharedViewController.m in Sources */,
				81086F5B592870C44FB139B6 /* ViewConfiguration.m in Sources */,
				810863A1E8DAD3B4F92A3F2E /* RootViewController.m in Sources */,
				81086F11BD91C748465851B1 /* MasonryLayoutView.m in Sources */,
				81086D4129879C5B72C5EFCD /* PureLayoutView.m in Sources */,
				810866CC559E0DCC894ADDBF /* MasonryComplicatedView.m in Sources */,
				810861D201AE10B0D9CECC65 /* PureLayoutComplicatedView.m in Sources */,
			);
			runOnlyForDeploymentPostprocessing = 0;
		};
		A1A97CDB1A764FA5002E121F /* Sources */ = {
			isa = PBXSourcesBuildPhase;
			buildActionMask = 2147483647;
			files = (
				A1A97CE61A764FA5002E121F /* AutoLayoutTests.m in Sources */,
			);
			runOnlyForDeploymentPostprocessing = 0;
		};
/* End PBXSourcesBuildPhase section */

/* Begin PBXTargetDependency section */
		A1A97CE11A764FA5002E121F /* PBXTargetDependency */ = {
			isa = PBXTargetDependency;
			target = A1A97CC51A764FA5002E121F /* AutoLayout */;
			targetProxy = A1A97CE01A764FA5002E121F /* PBXContainerItemProxy */;
		};
/* End PBXTargetDependency section */

/* Begin PBXVariantGroup section */
		A1A97CD81A764FA5002E121F /* LaunchScreen.xib */ = {
			isa = PBXVariantGroup;
			children = (
				A1A97CD91A764FA5002E121F /* Base */,
			);
			name = LaunchScreen.xib;
			sourceTree = "<group>";
		};
/* End PBXVariantGroup section */

/* Begin XCBuildConfiguration section */
		A1A97CE71A764FA5002E121F /* Debug */ = {
			isa = XCBuildConfiguration;
			buildSettings = {
				ALWAYS_SEARCH_USER_PATHS = NO;
				CLANG_CXX_LANGUAGE_STANDARD = "gnu++0x";
				CLANG_CXX_LIBRARY = "libc++";
				CLANG_ENABLE_MODULES = YES;
				CLANG_ENABLE_OBJC_ARC = YES;
				CLANG_WARN_BOOL_CONVERSION = YES;
				CLANG_WARN_CONSTANT_CONVERSION = YES;
				CLANG_WARN_DIRECT_OBJC_ISA_USAGE = YES_ERROR;
				CLANG_WARN_EMPTY_BODY = YES;
				CLANG_WARN_ENUM_CONVERSION = YES;
				CLANG_WARN_INT_CONVERSION = YES;
				CLANG_WARN_OBJC_ROOT_CLASS = YES_ERROR;
				CLANG_WARN_UNREACHABLE_CODE = YES;
				CLANG_WARN__DUPLICATE_METHOD_MATCH = YES;
				"CODE_SIGN_IDENTITY[sdk=iphoneos*]" = "iPhone Developer";
				COPY_PHASE_STRIP = NO;
				ENABLE_STRICT_OBJC_MSGSEND = YES;
				GCC_C_LANGUAGE_STANDARD = gnu99;
				GCC_DYNAMIC_NO_PIC = NO;
				GCC_OPTIMIZATION_LEVEL = 0;
				GCC_PREPROCESSOR_DEFINITIONS = (
					"DEBUG=1",
					"$(inherited)",
				);
				GCC_SYMBOLS_PRIVATE_EXTERN = NO;
				GCC_WARN_64_TO_32_BIT_CONVERSION = YES;
				GCC_WARN_ABOUT_RETURN_TYPE = YES_ERROR;
				GCC_WARN_UNDECLARED_SELECTOR = YES;
				GCC_WARN_UNINITIALIZED_AUTOS = YES_AGGRESSIVE;
				GCC_WARN_UNUSED_FUNCTION = YES;
				GCC_WARN_UNUSED_VARIABLE = YES;
				IPHONEOS_DEPLOYMENT_TARGET = 8.1;
				MTL_ENABLE_DEBUG_INFO = YES;
				ONLY_ACTIVE_ARCH = YES;
				SDKROOT = iphoneos;
			};
			name = Debug;
		};
		A1A97CE81A764FA5002E121F /* Release */ = {
			isa = XCBuildConfiguration;
			buildSettings = {
				ALWAYS_SEARCH_USER_PATHS = NO;
				CLANG_CXX_LANGUAGE_STANDARD = "gnu++0x";
				CLANG_CXX_LIBRARY = "libc++";
				CLANG_ENABLE_MODULES = YES;
				CLANG_ENABLE_OBJC_ARC = YES;
				CLANG_WARN_BOOL_CONVERSION = YES;
				CLANG_WARN_CONSTANT_CONVERSION = YES;
				CLANG_WARN_DIRECT_OBJC_ISA_USAGE = YES_ERROR;
				CLANG_WARN_EMPTY_BODY = YES;
				CLANG_WARN_ENUM_CONVERSION = YES;
				CLANG_WARN_INT_CONVERSION = YES;
				CLANG_WARN_OBJC_ROOT_CLASS = YES_ERROR;
				CLANG_WARN_UNREACHABLE_CODE = YES;
				CLANG_WARN__DUPLICATE_METHOD_MATCH = YES;
				"CODE_SIGN_IDENTITY[sdk=iphoneos*]" = "iPhone Developer";
				COPY_PHASE_STRIP = YES;
				ENABLE_NS_ASSERTIONS = NO;
				ENABLE_STRICT_OBJC_MSGSEND = YES;
				GCC_C_LANGUAGE_STANDARD = gnu99;
				GCC_WARN_64_TO_32_BIT_CONVERSION = YES;
				GCC_WARN_ABOUT_RETURN_TYPE = YES_ERROR;
				GCC_WARN_UNDECLARED_SELECTOR = YES;
				GCC_WARN_UNINITIALIZED_AUTOS = YES_AGGRESSIVE;
				GCC_WARN_UNUSED_FUNCTION = YES;
				GCC_WARN_UNUSED_VARIABLE = YES;
				IPHONEOS_DEPLOYMENT_TARGET = 8.1;
				MTL_ENABLE_DEBUG_INFO = NO;
				SDKROOT = iphoneos;
				VALIDATE_PRODUCT = YES;
			};
			name = Release;
		};
		A1A97CEA1A764FA5002E121F /* Debug */ = {
			isa = XCBuildConfiguration;
			baseConfigurationReference = B653D7C02FCC859A2551170A /* Pods.debug.xcconfig */;
			buildSettings = {
				ASSETCATALOG_COMPILER_APPICON_NAME = AppIcon;
				INFOPLIST_FILE = AutoLayout/Info.plist;
				LD_RUNPATH_SEARCH_PATHS = "$(inherited) @executable_path/Frameworks";
				PRODUCT_NAME = "$(TARGET_NAME)";
				TARGETED_DEVICE_FAMILY = 1;
				USER_HEADER_SEARCH_PATHS = "\"${PROJECT_DIR}/Pods\"/**";
			};
			name = Debug;
		};
		A1A97CEB1A764FA5002E121F /* Release */ = {
			isa = XCBuildConfiguration;
			baseConfigurationReference = 03CD27525C72FBB2F2F7324A /* Pods.release.xcconfig */;
			buildSettings = {
				ASSETCATALOG_COMPILER_APPICON_NAME = AppIcon;
				INFOPLIST_FILE = AutoLayout/Info.plist;
				LD_RUNPATH_SEARCH_PATHS = "$(inherited) @executable_path/Frameworks";
				PRODUCT_NAME = "$(TARGET_NAME)";
				TARGETED_DEVICE_FAMILY = 1;
				USER_HEADER_SEARCH_PATHS = "\"${PROJECT_DIR}/Pods\"/**";
			};
			name = Release;
		};
		A1A97CED1A764FA5002E121F /* Debug */ = {
			isa = XCBuildConfiguration;
			buildSettings = {
				BUNDLE_LOADER = "$(TEST_HOST)";
				FRAMEWORK_SEARCH_PATHS = (
					"$(SDKROOT)/Developer/Library/Frameworks",
					"$(inherited)",
				);
				GCC_PREPROCESSOR_DEFINITIONS = (
					"DEBUG=1",
					"$(inherited)",
				);
				INFOPLIST_FILE = AutoLayoutTests/Info.plist;
				LD_RUNPATH_SEARCH_PATHS = "$(inherited) @executable_path/Frameworks @loader_path/Frameworks";
				PRODUCT_NAME = "$(TARGET_NAME)";
				TEST_HOST = "$(BUILT_PRODUCTS_DIR)/AutoLayout.app/AutoLayout";
			};
			name = Debug;
		};
		A1A97CEE1A764FA5002E121F /* Release */ = {
			isa = XCBuildConfiguration;
			buildSettings = {
				BUNDLE_LOADER = "$(TEST_HOST)";
				FRAMEWORK_SEARCH_PATHS = (
					"$(SDKROOT)/Developer/Library/Frameworks",
					"$(inherited)",
				);
				INFOPLIST_FILE = AutoLayoutTests/Info.plist;
				LD_RUNPATH_SEARCH_PATHS = "$(inherited) @executable_path/Frameworks @loader_path/Frameworks";
				PRODUCT_NAME = "$(TARGET_NAME)";
				TEST_HOST = "$(BUILT_PRODUCTS_DIR)/AutoLayout.app/AutoLayout";
			};
			name = Release;
		};
/* End XCBuildConfiguration section */

/* Begin XCConfigurationList section */
		A1A97CC11A764FA5002E121F /* Build configuration list for PBXProject "AutoLayout" */ = {
			isa = XCConfigurationList;
			buildConfigurations = (
				A1A97CE71A764FA5002E121F /* Debug */,
				A1A97CE81A764FA5002E121F /* Release */,
			);
			defaultConfigurationIsVisible = 0;
			defaultConfigurationName = Release;
		};
		A1A97CE91A764FA5002E121F /* Build configuration list for PBXNativeTarget "AutoLayout" */ = {
			isa = XCConfigurationList;
			buildConfigurations = (
				A1A97CEA1A764FA5002E121F /* Debug */,
				A1A97CEB1A764FA5002E121F /* Release */,
			);
			defaultConfigurationIsVisible = 0;
			defaultConfigurationName = Release;
		};
		A1A97CEC1A764FA5002E121F /* Build configuration list for PBXNativeTarget "AutoLayoutTests" */ = {
			isa = XCConfigurationList;
			buildConfigurations = (
				A1A97CED1A764FA5002E121F /* Debug */,
				A1A97CEE1A764FA5002E121F /* Release */,
			);
			defaultConfigurationIsVisible = 0;
			defaultConfigurationName = Release;
		};
/* End XCConfigurationList section */
	};
	rootObject = A1A97CBE1A764FA5002E121F /* Project object */;
}
